// !$*UTF8*$!
{
	archiveVersion = 1;
	classes = {
	};
	objectVersion = 46;
	objects = {

/* Begin PBXBuildFile section */
		FBF50CCF1DE2F80C007370A3 /* main.m in Sources */ = {isa = PBXBuildFile; fileRef = FBF50CCE1DE2F80C007370A3 /* main.m */; };
		FBF50CD21DE2F80C007370A3 /* AppDelegate.m in Sources */ = {isa = PBXBuildFile; fileRef = FBF50CD11DE2F80C007370A3 /* AppDelegate.m */; };
		FBF50CD51DE2F80C007370A3 /* ViewController.m in Sources */ = {isa = PBXBuildFile; fileRef = FBF50CD41DE2F80C007370A3 /* ViewController.m */; };
		FBF50CD81DE2F80C007370A3 /* Main.storyboard in Resources */ = {isa = PBXBuildFile; fileRef = FBF50CD61DE2F80C007370A3 /* Main.storyboard */; };
		FBF50CDA1DE2F80C007370A3 /* Assets.xcassets in Resources */ = {isa = PBXBuildFile; fileRef = FBF50CD91DE2F80C007370A3 /* Assets.xcassets */; };
		FBF50CDD1DE2F80C007370A3 /* LaunchScreen.storyboard in Resources */ = {isa = PBXBuildFile; fileRef = FBF50CDB1DE2F80C007370A3 /* LaunchScreen.storyboard */; };
		FBF50CE61DE30546007370A3 /* drawView.m in Sources */ = {isa = PBXBuildFile; fileRef = FBF50CE51DE30546007370A3 /* drawView.m */; };
		FBF50CE91DE30F26007370A3 /* LRWBezierPath.m in Sources */ = {isa = PBXBuildFile; fileRef = FBF50CE81DE30F26007370A3 /* LRWBezierPath.m */; };
		FBF50CEC1DE31664007370A3 /* UIImageView+drawImage.m in Sources */ = {isa = PBXBuildFile; fileRef = FBF50CEB1DE31664007370A3 /* UIImageView+drawImage.m */; };
/* End PBXBuildFile section */

/* Begin PBXFileReference section */
		FBF50CCA1DE2F80C007370A3 /* drawBoard.app */ = {isa = PBXFileReference; explicitFileType = wrapper.application; includeInIndex = 0; path = drawBoard.app; sourceTree = BUILT_PRODUCTS_DIR; };
		FBF50CCE1DE2F80C007370A3 /* main.m */ = {isa = PBXFileReference; lastKnownFileType = sourcecode.c.objc; path = main.m; sourceTree = "<group>"; };
		FBF50CD01DE2F80C007370A3 /* AppDelegate.h */ = {isa = PBXFileReference; lastKnownFileType = sourcecode.c.h; path = AppDelegate.h; sourceTree = "<group>"; };
		FBF50CD11DE2F80C007370A3 /* AppDelegate.m */ = {isa = PBXFileReference; lastKnownFileType = sourcecode.c.objc; path = AppDelegate.m; sourceTree = "<group>"; };
		FBF50CD31DE2F80C007370A3 /* ViewController.h */ = {isa = PBXFileReference; lastKnownFileType = sourcecode.c.h; path = ViewController.h; sourceTree = "<group>"; };
		FBF50CD41DE2F80C007370A3 /* ViewController.m */ = {isa = PBXFileReference; lastKnownFileType = sourcecode.c.objc; path = ViewController.m; sourceTree = "<group>"; };
		FBF50CD71DE2F80C007370A3 /* Base */ = {isa = PBXFileReference; lastKnownFileType = file.storyboard; name = Base; path = Base.lproj/Main.storyboard; sourceTree = "<group>"; };
		FBF50CD91DE2F80C007370A3 /* Assets.xcassets */ = {isa = PBXFileReference; lastKnownFileType = folder.assetcatalog; path = Assets.xcassets; sourceTree = "<group>"; };
		FBF50CDC1DE2F80C007370A3 /* Base */ = {isa = PBXFileReference; lastKnownFileType = file.storyboard; name = Base; path = Base.lproj/LaunchScreen.storyboard; sourceTree = "<group>"; };
		FBF50CDE1DE2F80C007370A3 /* Info.plist */ = {isa = PBXFileReference; lastKnownFileType = text.plist.xml; path = Info.plist; sourceTree = "<group>"; };
		FBF50CE41DE30546007370A3 /* drawView.h */ = {isa = PBXFileReference; fileEncoding = 4; lastKnownFileType = sourcecode.c.h; path = drawView.h; sourceTree = "<group>"; };
		FBF50CE51DE30546007370A3 /* drawView.m */ = {isa = PBXFileReference; fileEncoding = 4; lastKnownFileType = sourcecode.c.objc; path = drawView.m; sourceTree = "<group>"; };
		FBF50CE71DE30F26007370A3 /* LRWBezierPath.h */ = {isa = PBXFileReference; fileEncoding = 4; lastKnownFileType = sourcecode.c.h; path = LRWBezierPath.h; sourceTree = "<group>"; };
		FBF50CE81DE30F26007370A3 /* LRWBezierPath.m */ = {isa = PBXFileReference; fileEncoding = 4; lastKnownFileType = sourcecode.c.objc; path = LRWBezierPath.m; sourceTree = "<group>"; };
		FBF50CEA1DE31664007370A3 /* UIImageView+drawImage.h */ = {isa = PBXFileReference; fileEncoding = 4; lastKnownFileType = sourcecode.c.h; path = "UIImageView+drawImage.h"; sourceTree = "<group>"; };
		FBF50CEB1DE31664007370A3 /* UIImageView+drawImage.m */ = {isa = PBXFileReference; fileEncoding = 4; lastKnownFileType = sourcecode.c.objc; path = "UIImageView+drawImage.m"; sourceTree = "<group>"; };
/* End PBXFileReference section */

/* Begin PBXFrameworksBuildPhase section */
		FBF50CC71DE2F80C007370A3 /* Frameworks */ = {
			isa = PBXFrameworksBuildPhase;
			buildActionMask = 2147483647;
			files = (
			);
			runOnlyForDeploymentPostprocessing = 0;
		};
/* End PBXFrameworksBuildPhase section */

/* Begin PBXGroup section */
		FBF50CC11DE2F80C007370A3 = {
			isa = PBXGroup;
			children = (
				FBF50CCC1DE2F80C007370A3 /* drawBoard */,
				FBF50CCB1DE2F80C007370A3 /* Products */,
			);
			sourceTree = "<group>";
		};
		FBF50CCB1DE2F80C007370A3 /* Products */ = {
			isa = PBXGroup;
			children = (
				FBF50CCA1DE2F80C007370A3 /* drawBoard.app */,
			);
			name = Products;
			sourceTree = "<group>";
		};
		FBF50CCC1DE2F80C007370A3 /* drawBoard */ = {
			isa = PBXGroup;
			children = (
				FBF50CD01DE2F80C007370A3 /* AppDelegate.h */,
				FBF50CD11DE2F80C007370A3 /* AppDelegate.m */,
				FBF50CD31DE2F80C007370A3 /* ViewController.h */,
				FBF50CD41DE2F80C007370A3 /* ViewController.m */,
				FBF50CE41DE30546007370A3 /* drawView.h */,
				FBF50CE51DE30546007370A3 /* drawView.m */,
				FBF50CE71DE30F26007370A3 /* LRWBezierPath.h */,
				FBF50CE81DE30F26007370A3 /* LRWBezierPath.m */,
				FBF50CD61DE2F80C007370A3 /* Main.storyboard */,
				FBF50CD91DE2F80C007370A3 /* Assets.xcassets */,
				FBF50CDB1DE2F80C007370A3 /* LaunchScreen.storyboard */,
				FBF50CEA1DE31664007370A3 /* UIImageView+drawImage.h */,
				FBF50CEB1DE31664007370A3 /* UIImageView+drawImage.m */,
				FBF50CDE1DE2F80C007370A3 /* Info.plist */,
				FBF50CCD1DE2F80C007370A3 /* Supporting Files */,
			);
			path = drawBoard;
			sourceTree = "<group>";
		};
		FBF50CCD1DE2F80C007370A3 /* Supporting Files */ = {
			isa = PBXGroup;
			children = (
				FBF50CCE1DE2F80C007370A3 /* main.m */,
			);
			name = "Supporting Files";
			sourceTree = "<group>";
		};
/* End PBXGroup section */

/* Begin PBXNativeTarget section */
		FBF50CC91DE2F80C007370A3 /* drawBoard */ = {
			isa = PBXNativeTarget;
			buildConfigurationList = FBF50CE11DE2F80C007370A3 /* Build configuration list for PBXNativeTarget "drawBoard" */;
			buildPhases = (
				FBF50CC61DE2F80C007370A3 /* Sources */,
				FBF50CC71DE2F80C007370A3 /* Frameworks */,
				FBF50CC81DE2F80C007370A3 /* Resources */,
			);
			buildRules = (
			);
			dependencies = (
			);
			name = drawBoard;
			productName = drawBoard;
			productReference = FBF50CCA1DE2F80C007370A3 /* drawBoard.app */;
			productType = "com.apple.product-type.application";
		};
/* End PBXNativeTarget section */

/* Begin PBXProject section */
		FBF50CC21DE2F80C007370A3 /* Project object */ = {
			isa = PBXProject;
			attributes = {
				LastUpgradeCheck = 0730;
				ORGANIZATIONNAME = companyName;
				TargetAttributes = {
					FBF50CC91DE2F80C007370A3 = {
						CreatedOnToolsVersion = 7.3;
					};
				};
			};
			buildConfigurationList = FBF50CC51DE2F80C007370A3 /* Build configuration list for PBXProject "drawBoard" */;
			compatibilityVersion = "Xcode 3.2";
			developmentRegion = English;
			hasScannedForEncodings = 0;
			knownRegions = (
				en,
				Base,
			);
			mainGroup = FBF50CC11DE2F80C007370A3;
			productRefGroup = FBF50CCB1DE2F80C007370A3 /* Products */;
			projectDirPath = "";
			projectRoot = "";
			targets = (
				FBF50CC91DE2F80C007370A3 /* drawBoard */,
			);
		};
/* End PBXProject section */

/* Begin PBXResourcesBuildPhase section */
		FBF50CC81DE2F80C007370A3 /* Resources */ = {
			isa = PBXResourcesBuildPhase;
			buildActionMask = 2147483647;
			files = (
				FBF50CDD1DE2F80C007370A3 /* LaunchScreen.storyboard in Resources */,
				FBF50CDA1DE2F80C007370A3 /* Assets.xcassets in Resources */,
				FBF50CD81DE2F80C007370A3 /* Main.storyboard in Resources */,
			);
			runOnlyForDeploymentPostprocessing = 0;
		};
/* End PBXResourcesBuildPhase section */

/* Begin PBXSourcesBuildPhase section */
		FBF50CC61DE2F80C007370A3 /* Sources */ = {
			isa = PBXSourcesBuildPhase;
			buildActionMask = 2147483647;
			files = (
				FBF50CD51DE2F80C007370A3 /* ViewController.m in Sources */,
				FBF50CD21DE2F80C007370A3 /* AppDelegate.m in Sources */,
				FBF50CEC1DE31664007370A3 /* UIImageView+drawImage.m in Sources */,
				FBF50CE91DE30F26007370A3 /* LRWBezierPath.m in Sources */,
				FBF50CE61DE30546007370A3 /* drawView.m in Sources */,
				FBF50CCF1DE2F80C007370A3 /* main.m in Sources */,
			);
			runOnlyForDeploymentPostprocessing = 0;
		};
/* End PBXSourcesBuildPhase section */

/* Begin PBXVariantGroup section */
		FBF50CD61DE2F80C007370A3 /* Main.storyboard */ = {
			isa = PBXVariantGroup;
			children = (
				FBF50CD71DE2F80C007370A3 /* Base */,
			);
			name = Main.storyboard;
			sourceTree = "<group>";
		};
		FBF50CDB1DE2F80C007370A3 /* LaunchScreen.storyboard */ = {
			isa = PBXVariantGroup;
			children = (
				FBF50CDC1DE2F80C007370A3 /* Base */,
			);
			name = LaunchScreen.storyboard;
			sourceTree = "<group>";
		};
/* End PBXVariantGroup section */

/* Begin XCBuildConfiguration section */
		FBF50CDF1DE2F80C007370A3 /* Debug */ = {
			isa = XCBuildConfiguration;
			buildSettings = {
				ALWAYS_SEARCH_USER_PATHS = NO;
				CLANG_ANALYZER_NONNULL = YES;
				CLANG_CXX_LANGUAGE_STANDARD = "gnu++0x";
				CLANG_CXX_LIBRARY = "libc++";
				CLANG_ENABLE_MODULES = YES;
				CLANG_ENABLE_OBJC_ARC = YES;
				CLANG_WARN_BOOL_CONVERSION = YES;
				CLANG_WARN_CONSTANT_CONVERSION = YES;
				CLANG_WARN_DIRECT_OBJC_ISA_USAGE = YES_ERROR;
				CLANG_WARN_EMPTY_BODY = YES;
				CLANG_WARN_ENUM_CONVERSION = YES;
				CLANG_WARN_INT_CONVERSION = YES;
				CLANG_WARN_OBJC_ROOT_CLASS = YES_ERROR;
				CLANG_WARN_UNREACHABLE_CODE = YES;
				CLANG_WARN__DUPLICATE_METHOD_MATCH = YES;
				"CODE_SIGN_IDENTITY[sdk=iphoneos*]" = "iPhone Developer";
				COPY_PHASE_STRIP = NO;
				DEBUG_INFORMATION_FORMAT = dwarf;
				ENABLE_STRICT_OBJC_MSGSEND = YES;
				ENABLE_TESTABILITY = YES;
				GCC_C_LANGUAGE_STANDARD = gnu99;
				GCC_DYNAMIC_NO_PIC = NO;
				GCC_NO_COMMON_BLOCKS = YES;
				GCC_OPTIMIZATION_LEVEL = 0;
				GCC_PREPROCESSOR_DEFINITIONS = (
					"DEBUG=1",
					"$(inherited)",
				);
				GCC_WARN_64_TO_32_BIT_CONVERSION = YES;
				GCC_WARN_ABOUT_RETURN_TYPE = YES_ERROR;
				GCC_WARN_UNDECLARED_SELECTOR = YES;
				GCC_WARN_UNINITIALIZED_AUTOS = YES_AGGRESSIVE;
				GCC_WARN_UNUSED_FUNCTION = YES;
				GCC_WARN_UNUSED_VARIABLE = YES;
				IPHONEOS_DEPLOYMENT_TARGET = 9.3;
				MTL_ENABLE_DEBUG_INFO = YES;
				ONLY_ACTIVE_ARCH = YES;
				SDKROOT = iphoneos;
				TARGETED_DEVICE_FAMILY = "1,2";
			};
			name = Debug;
		};
		FBF50CE01DE2F80C007370A3 /* Release */ = {
			isa = XCBuildConfiguration;
			buildSettings = {
				ALWAYS_SEARCH_USER_PATHS = NO;
				CLANG_ANALYZER_NONNULL = YES;
				CLANG_CXX_LANGUAGE_STANDARD = "gnu++0x";
				CLANG_CXX_LIBRARY = "libc++";
				CLANG_ENABLE_MODULES = YES;
				CLANG_ENABLE_OBJC_ARC = YES;
				CLANG_WARN_BOOL_CONVERSION = YES;
				CLANG_WARN_CONSTANT_CONVERSION = YES;
				CLANG_WARN_DIRECT_OBJC_ISA_USAGE = YES_ERROR;
				CLANG_WARN_EMPTY_BODY = YES;
				CLANG_WARN_ENUM_CONVERSION = YES;
				CLANG_WARN_INT_CONVERSION = YES;
				CLANG_WARN_OBJC_ROOT_CLASS = YES_ERROR;
				CLANG_WARN_UNREACHABLE_CODE = YES;
				CLANG_WARN__DUPLICATE_METHOD_MATCH = YES;
				"CODE_SIGN_IDENTITY[sdk=iphoneos*]" = "iPhone Developer";
				COPY_PHASE_STRIP = NO;
				DEBUG_INFORMATION_FORMAT = "dwarf-with-dsym";
				ENABLE_NS_ASSERTIONS = NO;
				ENABLE_STRICT_OBJC_MSGSEND = YES;
				GCC_C_LANGUAGE_STANDARD = gnu99;
				GCC_NO_COMMON_BLOCKS = YES;
				GCC_WARN_64_TO_32_BIT_CONVERSION = YES;
				GCC_WARN_ABOUT_RETURN_TYPE = YES_ERROR;
				GCC_WARN_UNDECLARED_SELECTOR = YES;
				GCC_WARN_UNINITIALIZED_AUTOS = YES_AGGRESSIVE;
				GCC_WARN_UNUSED_FUNCTION = YES;
				GCC_WARN_UNUSED_VARIABLE = YES;
				IPHONEOS_DEPLOYMENT_TARGET = 9.3;
				MTL_ENABLE_DEBUG_INFO = NO;
				SDKROOT = iphoneos;
				TARGETED_DEVICE_FAMILY = "1,2";
				VALIDATE_PRODUCT = YES;
			};
			name = Release;
		};
		FBF50CE21DE2F80C007370A3 /* Debug */ = {
			isa = XCBuildConfiguration;
			buildSettings = {
				ASSETCATALOG_COMPILER_APPICON_NAME = AppIcon;
				INFOPLIST_FILE = drawBoard/Info.plist;
				LD_RUNPATH_SEARCH_PATHS = "$(inherited) @executable_path/Frameworks";
				PRODUCT_BUNDLE_IDENTIFIER = companynet.comofLRW.drawBoard;
				PRODUCT_NAME = "$(TARGET_NAME)";
			};
			name = Debug;
		};
		FBF50CE31DE2F80C007370A3 /* Release */ = {
			isa = XCBuildConfiguration;
			buildSettings = {
				ASSETCATALOG_COMPILER_APPICON_NAME = AppIcon;
				INFOPLIST_FILE = drawBoard/Info.plist;
				LD_RUNPATH_SEARCH_PATHS = "$(inherited) @executable_path/Frameworks";
				PRODUCT_BUNDLE_IDENTIFIER = companynet.comofLRW.drawBoard;
				PRODUCT_NAME = "$(TARGET_NAME)";
			};
			name = Release;
		};
/* End XCBuildConfiguration section */

/* Begin XCConfigurationList section */
		FBF50CC51DE2F80C007370A3 /* Build configuration list for PBXProject "drawBoard" */ = {
			isa = XCConfigurationList;
			buildConfigurations = (
				FBF50CDF1DE2F80C007370A3 /* Debug */,
				FBF50CE01DE2F80C007370A3 /* Release */,
			);
			defaultConfigurationIsVisible = 0;
			defaultConfigurationName = Release;
		};
		FBF50CE11DE2F80C007370A3 /* Build configuration list for PBXNativeTarget "drawBoard" */ = {
			isa = XCConfigurationList;
			buildConfigurations = (
				FBF50CE21DE2F80C007370A3 /* Debug */,
				FBF50CE31DE2F80C007370A3 /* Release */,
			);
			defaultConfigurationIsVisible = 0;
		};
/* End XCConfigurationList section */
	};
	rootObject = FBF50CC21DE2F80C007370A3 /* Project object */;
}
